
Microsoft Visual Studio Solution File, Format Version 12.00
# Visual Studio 15
VisualStudioVersion = 15.0.27130.2036
MinimumVisualStudioVersion = 10.0.40219.1
Project("{9A19103F-16F7-4668-BE54-9A1E7A4F7556}") = "EFTemplateApp", "EFTemplateApp\EFTemplateApp.csproj", "{A0AB2C61-DA08-4026-B71B-4D559E348664}"
EndProject
Project("{2150E333-8FDC-42A3-9474-1A3956D46DE8}") = "Modules", "Modules", "{BF1FB041-77BB-4176-A445-7B96D88B927E}"
EndProject
Project("{2150E333-8FDC-42A3-9474-1A3956D46DE8}") = "Core", "Core", "{FBFEA2FD-5CE6-4EA3-8D12-45322DC19CC1}"
EndProject
Project("{9A19103F-16F7-4668-BE54-9A1E7A4F7556}") = "EFTemplateCore", "EFTemplateCore\EFTemplateCore.csproj", "{3404DF06-9E23-4983-8EDD-3977987FDAB7}"
EndProject
Project("{2150E333-8FDC-42A3-9474-1A3956D46DE8}") = "NorthWind", "NorthWind", "{883DB407-0D85-4ACE-9AA0-AAA7C2CDF01D}"
EndProject
Project("{9A19103F-16F7-4668-BE54-9A1E7A4F7556}") = "Modules.NorthWind.UnitTests", "Modules.NorthWind.UnitTests\Modules.NorthWind.UnitTests.csproj", "{1824165D-D0F8-4191-ACB5-3A07A7F17E5A}"
EndProject
Project("{9A19103F-16F7-4668-BE54-9A1E7A4F7556}") = "EFTemplateCore.UnitTests", "EFTemplateCore.UnitTests\EFTemplateCore.UnitTests.csproj", "{545DE510-8A2D-4930-A305-88E041A829F6}"
EndProject
Project("{9A19103F-16F7-4668-BE54-9A1E7A4F7556}") = "Modules.NorthWind.Service", "Modules.NorthWind.Service\Modules.NorthWind.Service.csproj", "{1843CD55-45E1-465B-8146-6F1602A79BCE}"
EndProject
Project("{9A19103F-16F7-4668-BE54-9A1E7A4F7556}") = "Modules.NorthWind.BusinessLogic", "Modules.NorthWind.BusinessLogic\Modules.NorthWind.BusinessLogic.csproj", "{E90734F2-103A-4A47-A906-64E2E0AC3D7E}"
EndProject
Project("{9A19103F-16F7-4668-BE54-9A1E7A4F7556}") = "Modules.NorthWind.ViewModels", "Modules.NorthWind.ViewModels\Modules.NorthWind.ViewModels.csproj", "{150B344D-885E-4762-A5EC-C3A107F47817}"
EndProject
Project("{9A19103F-16F7-4668-BE54-9A1E7A4F7556}") = "EFTemplateUI", "EFTemplateUI\EFTemplateUI.csproj", "{71E47D42-F324-408C-A07A-44E69E804CA1}"
EndProject
Project("{9A19103F-16F7-4668-BE54-9A1E7A4F7556}") = "IntegrationTests", "IntegrationTests\IntegrationTests.csproj", "{9FAF3490-59A1-4265-8300-CF371F124180}"
EndProject
Project("{9A19103F-16F7-4668-BE54-9A1E7A4F7556}") = "Modules.NorthWind.DataLayer", "Modules.NorthWind.DataLayer\Modules.NorthWind.DataLayer.csproj", "{601E3276-9A11-4769-BB9E-9F602A7DEEE5}"
EndProject
Project("{2150E333-8FDC-42A3-9474-1A3956D46DE8}") = "Dms", "Dms", "{9C2575F3-C7A4-4479-97F4-98230547590D}"
EndProject
Project("{9A19103F-16F7-4668-BE54-9A1E7A4F7556}") = "Modules.Dms.DataLayer", "Modules.Dms.DataLayer\Modules.Dms.DataLayer.csproj", "{BA10E667-A875-440C-896B-F67702E5A727}"
EndProject
Project("{9A19103F-16F7-4668-BE54-9A1E7A4F7556}") = "Modules.Dms.BusinessLogic", "Modules.Dms.BusinessLogic\Modules.Dms.BusinessLogic.csproj", "{67F79329-E4ED-4BE2-8A47-431BF30A0115}"
EndProject
Project("{9A19103F-16F7-4668-BE54-9A1E7A4F7556}") = "Modules.Dms.Service", "Modules.Dms.Service\Modules.Dms.Service.csproj", "{61CF8B43-03BC-408B-BED8-E632CDF9DF07}"
EndProject
Project("{9A19103F-16F7-4668-BE54-9A1E7A4F7556}") = "Modules.Dms.ViewModels", "Modules.Dms.ViewModels\Modules.Dms.ViewModels.csproj", "{1EB96CE1-6868-401C-834D-789C174994CD}"
EndProject
Project("{FAE04EC0-301F-11D3-BF4B-00C04F79EFBC}") = "Modules.Dms.UnitTests", "Modules.Dms.UnitTests\Modules.Dms.UnitTests.csproj", "{76D386F7-13FE-405C-9C1B-A267721B3553}"
EndProject
Global
	GlobalSection(SolutionConfigurationPlatforms) = preSolution
		Debug|Any CPU = Debug|Any CPU
		Release|Any CPU = Release|Any CPU
	EndGlobalSection
	GlobalSection(ProjectConfigurationPlatforms) = postSolution
		{A0AB2C61-DA08-4026-B71B-4D559E348664}.Debug|Any CPU.ActiveCfg = Debug|Any CPU
		{A0AB2C61-DA08-4026-B71B-4D559E348664}.Debug|Any CPU.Build.0 = Debug|Any CPU
		{A0AB2C61-DA08-4026-B71B-4D559E348664}.Release|Any CPU.ActiveCfg = Release|Any CPU
		{A0AB2C61-DA08-4026-B71B-4D559E348664}.Release|Any CPU.Build.0 = Release|Any CPU
		{3404DF06-9E23-4983-8EDD-3977987FDAB7}.Debug|Any CPU.ActiveCfg = Debug|Any CPU
		{3404DF06-9E23-4983-8EDD-3977987FDAB7}.Debug|Any CPU.Build.0 = Debug|Any CPU
		{3404DF06-9E23-4983-8EDD-3977987FDAB7}.Release|Any CPU.ActiveCfg = Release|Any CPU
		{3404DF06-9E23-4983-8EDD-3977987FDAB7}.Release|Any CPU.Build.0 = Release|Any CPU
		{1824165D-D0F8-4191-ACB5-3A07A7F17E5A}.Debug|Any CPU.ActiveCfg = Debug|Any CPU
		{1824165D-D0F8-4191-ACB5-3A07A7F17E5A}.Debug|Any CPU.Build.0 = Debug|Any CPU
		{1824165D-D0F8-4191-ACB5-3A07A7F17E5A}.Release|Any CPU.ActiveCfg = Release|Any CPU
		{1824165D-D0F8-4191-ACB5-3A07A7F17E5A}.Release|Any CPU.Build.0 = Release|Any CPU
		{545DE510-8A2D-4930-A305-88E041A829F6}.Debug|Any CPU.ActiveCfg = Debug|Any CPU
		{545DE510-8A2D-4930-A305-88E041A829F6}.Debug|Any CPU.Build.0 = Debug|Any CPU
		{545DE510-8A2D-4930-A305-88E041A829F6}.Release|Any CPU.ActiveCfg = Release|Any CPU
		{545DE510-8A2D-4930-A305-88E041A829F6}.Release|Any CPU.Build.0 = Release|Any CPU
		{1843CD55-45E1-465B-8146-6F1602A79BCE}.Debug|Any CPU.ActiveCfg = Debug|Any CPU
		{1843CD55-45E1-465B-8146-6F1602A79BCE}.Debug|Any CPU.Build.0 = Debug|Any CPU
		{1843CD55-45E1-465B-8146-6F1602A79BCE}.Release|Any CPU.ActiveCfg = Release|Any CPU
		{1843CD55-45E1-465B-8146-6F1602A79BCE}.Release|Any CPU.Build.0 = Release|Any CPU
		{E90734F2-103A-4A47-A906-64E2E0AC3D7E}.Debug|Any CPU.ActiveCfg = Debug|Any CPU
		{E90734F2-103A-4A47-A906-64E2E0AC3D7E}.Debug|Any CPU.Build.0 = Debug|Any CPU
		{E90734F2-103A-4A47-A906-64E2E0AC3D7E}.Release|Any CPU.ActiveCfg = Release|Any CPU
		{E90734F2-103A-4A47-A906-64E2E0AC3D7E}.Release|Any CPU.Build.0 = Release|Any CPU
		{150B344D-885E-4762-A5EC-C3A107F47817}.Debug|Any CPU.ActiveCfg = Debug|Any CPU
		{150B344D-885E-4762-A5EC-C3A107F47817}.Debug|Any CPU.Build.0 = Debug|Any CPU
		{150B344D-885E-4762-A5EC-C3A107F47817}.Release|Any CPU.ActiveCfg = Release|Any CPU
		{150B344D-885E-4762-A5EC-C3A107F47817}.Release|Any CPU.Build.0 = Release|Any CPU
		{71E47D42-F324-408C-A07A-44E69E804CA1}.Debug|Any CPU.ActiveCfg = Debug|Any CPU
		{71E47D42-F324-408C-A07A-44E69E804CA1}.Debug|Any CPU.Build.0 = Debug|Any CPU
		{71E47D42-F324-408C-A07A-44E69E804CA1}.Release|Any CPU.ActiveCfg = Release|Any CPU
		{71E47D42-F324-408C-A07A-44E69E804CA1}.Release|Any CPU.Build.0 = Release|Any CPU
		{9FAF3490-59A1-4265-8300-CF371F124180}.Debug|Any CPU.ActiveCfg = Debug|Any CPU
		{9FAF3490-59A1-4265-8300-CF371F124180}.Debug|Any CPU.Build.0 = Debug|Any CPU
		{9FAF3490-59A1-4265-8300-CF371F124180}.Release|Any CPU.ActiveCfg = Release|Any CPU
		{9FAF3490-59A1-4265-8300-CF371F124180}.Release|Any CPU.Build.0 = Release|Any CPU
		{601E3276-9A11-4769-BB9E-9F602A7DEEE5}.Debug|Any CPU.ActiveCfg = Debug|Any CPU
		{601E3276-9A11-4769-BB9E-9F602A7DEEE5}.Debug|Any CPU.Build.0 = Debug|Any CPU
		{601E3276-9A11-4769-BB9E-9F602A7DEEE5}.Release|Any CPU.ActiveCfg = Release|Any CPU
		{601E3276-9A11-4769-BB9E-9F602A7DEEE5}.Release|Any CPU.Build.0 = Release|Any CPU
		{BA10E667-A875-440C-896B-F67702E5A727}.Debug|Any CPU.ActiveCfg = Debug|Any CPU
		{BA10E667-A875-440C-896B-F67702E5A727}.Debug|Any CPU.Build.0 = Debug|Any CPU
		{BA10E667-A875-440C-896B-F67702E5A727}.Release|Any CPU.ActiveCfg = Release|Any CPU
		{BA10E667-A875-440C-896B-F67702E5A727}.Release|Any CPU.Build.0 = Release|Any CPU
		{67F79329-E4ED-4BE2-8A47-431BF30A0115}.Debug|Any CPU.ActiveCfg = Debug|Any CPU
		{67F79329-E4ED-4BE2-8A47-431BF30A0115}.Debug|Any CPU.Build.0 = Debug|Any CPU
		{67F79329-E4ED-4BE2-8A47-431BF30A0115}.Release|Any CPU.ActiveCfg = Release|Any CPU
		{67F79329-E4ED-4BE2-8A47-431BF30A0115}.Release|Any CPU.Build.0 = Release|Any CPU
		{61CF8B43-03BC-408B-BED8-E632CDF9DF07}.Debug|Any CPU.ActiveCfg = Debug|Any CPU
		{61CF8B43-03BC-408B-BED8-E632CDF9DF07}.Debug|Any CPU.Build.0 = Debug|Any CPU
		{61CF8B43-03BC-408B-BED8-E632CDF9DF07}.Release|Any CPU.ActiveCfg = Release|Any CPU
		{61CF8B43-03BC-408B-BED8-E632CDF9DF07}.Release|Any CPU.Build.0 = Release|Any CPU
		{1EB96CE1-6868-401C-834D-789C174994CD}.Debug|Any CPU.ActiveCfg = Debug|Any CPU
		{1EB96CE1-6868-401C-834D-789C174994CD}.Debug|Any CPU.Build.0 = Debug|Any CPU
		{1EB96CE1-6868-401C-834D-789C174994CD}.Release|Any CPU.ActiveCfg = Release|Any CPU
		{1EB96CE1-6868-401C-834D-789C174994CD}.Release|Any CPU.Build.0 = Release|Any CPU
		{76D386F7-13FE-405C-9C1B-A267721B3553}.Debug|Any CPU.ActiveCfg = Debug|Any CPU
		{76D386F7-13FE-405C-9C1B-A267721B3553}.Debug|Any CPU.Build.0 = Debug|Any CPU
		{76D386F7-13FE-405C-9C1B-A267721B3553}.Release|Any CPU.ActiveCfg = Release|Any CPU
		{76D386F7-13FE-405C-9C1B-A267721B3553}.Release|Any CPU.Build.0 = Release|Any CPU
	EndGlobalSection
	GlobalSection(SolutionProperties) = preSolution
		HideSolutionNode = FALSE
	EndGlobalSection
	GlobalSection(NestedProjects) = preSolution
		{3404DF06-9E23-4983-8EDD-3977987FDAB7} = {FBFEA2FD-5CE6-4EA3-8D12-45322DC19CC1}
		{883DB407-0D85-4ACE-9AA0-AAA7C2CDF01D} = {BF1FB041-77BB-4176-A445-7B96D88B927E}
		{1824165D-D0F8-4191-ACB5-3A07A7F17E5A} = {883DB407-0D85-4ACE-9AA0-AAA7C2CDF01D}
		{545DE510-8A2D-4930-A305-88E041A829F6} = {FBFEA2FD-5CE6-4EA3-8D12-45322DC19CC1}
		{1843CD55-45E1-465B-8146-6F1602A79BCE} = {883DB407-0D85-4ACE-9AA0-AAA7C2CDF01D}
		{E90734F2-103A-4A47-A906-64E2E0AC3D7E} = {883DB407-0D85-4ACE-9AA0-AAA7C2CDF01D}
		{150B344D-885E-4762-A5EC-C3A107F47817} = {883DB407-0D85-4ACE-9AA0-AAA7C2CDF01D}
		{601E3276-9A11-4769-BB9E-9F602A7DEEE5} = {883DB407-0D85-4ACE-9AA0-AAA7C2CDF01D}
		{9C2575F3-C7A4-4479-97F4-98230547590D} = {BF1FB041-77BB-4176-A445-7B96D88B927E}
		{BA10E667-A875-440C-896B-F67702E5A727} = {9C2575F3-C7A4-4479-97F4-98230547590D}
		{67F79329-E4ED-4BE2-8A47-431BF30A0115} = {9C2575F3-C7A4-4479-97F4-98230547590D}
		{61CF8B43-03BC-408B-BED8-E632CDF9DF07} = {9C2575F3-C7A4-4479-97F4-98230547590D}
		{1EB96CE1-6868-401C-834D-789C174994CD} = {9C2575F3-C7A4-4479-97F4-98230547590D}
		{76D386F7-13FE-405C-9C1B-A267721B3553} = {9C2575F3-C7A4-4479-97F4-98230547590D}
	EndGlobalSection
	GlobalSection(ExtensibilityGlobals) = postSolution
		SolutionGuid = {F0838B01-C4ED-4671-9906-597F42E47672}
	EndGlobalSection
EndGlobal
